
Microsoft Visual Studio Solution File, Format Version 12.00
# Visual Studio Version 16
VisualStudioVersion = 16.0.30804.86
MinimumVisualStudioVersion = 10.0.40219.1
Project("{9A19103F-16F7-4668-BE54-9A1E7A4F7556}") = "nu3ProductUpdate", "nu3ProductUpdate\nu3ProductUpdate.csproj", "{E4A2D1FB-A07F-44FA-9DA2-EC2C1EBF9BA6}"
EndProject
Project("{FAE04EC0-301F-11D3-BF4B-00C04F79EFBC}") = "nu3ProductUpdate.Tests", "nu3ProductUpdate.Tests\nu3ProductUpdate.Tests.csproj", "{75533E16-2F61-489A-9A44-02F977331F76}"
EndProject
Global
	GlobalSection(SolutionConfigurationPlatforms) = preSolution
		Debug|Any CPU = Debug|Any CPU
		Release|Any CPU = Release|Any CPU
	EndGlobalSection
	GlobalSection(ProjectConfigurationPlatforms) = postSolution
		{E4A2D1FB-A07F-44FA-9DA2-EC2C1EBF9BA6}.Debug|Any CPU.ActiveCfg = Debug|Any CPU
		{E4A2D1FB-A07F-44FA-9DA2-EC2C1EBF9BA6}.Debug|Any CPU.Build.0 = Debug|Any CPU
		{E4A2D1FB-A07F-44FA-9DA2-EC2C1EBF9BA6}.Release|Any CPU.ActiveCfg = Release|Any CPU
		{E4A2D1FB-A07F-44FA-9DA2-EC2C1EBF9BA6}.Release|Any CPU.Build.0 = Release|Any CPU
		{75533E16-2F61-489A-9A44-02F977331F76}.Debug|Any CPU.ActiveCfg = Debug|Any CPU
		{75533E16-2F61-489A-9A44-02F977331F76}.Debug|Any CPU.Build.0 = Debug|Any CPU
		{75533E16-2F61-489A-9A44-02F977331F76}.Release|Any CPU.ActiveCfg = Release|Any CPU
		{75533E16-2F61-489A-9A44-02F977331F76}.Release|Any CPU.Build.0 = Release|Any CPU
	EndGlobalSection
	GlobalSection(SolutionProperties) = preSolution
		HideSolutionNode = FALSE
	EndGlobalSection
	GlobalSection(ExtensibilityGlobals) = postSolution
		SolutionGuid = {5563F11D-9AA6-4074-800D-2F008F3BFA88}
	EndGlobalSection
EndGlobal
